// !$*UTF8*$!
{
	archiveVersion = 1;
	classes = {
	};
	objectVersion = 46;
	objects = {

/* Begin PBXBuildFile section */
		DC3215361D51B55900A54C7B /* main.cpp in Sources */ = {isa = PBXBuildFile; fileRef = DC3215351D51B55900A54C7B /* main.cpp */; };
		DCE123E91D5269BF00AADC55 /* FBullCowGame.cpp in Sources */ = {isa = PBXBuildFile; fileRef = DCE123E71D5269BF00AADC55 /* FBullCowGame.cpp */; };
/* End PBXBuildFile section */

/* Begin PBXCopyFilesBuildPhase section */
		DC3215301D51B55900A54C7B /* CopyFiles */ = {
			isa = PBXCopyFilesBuildPhase;
			buildActionMask = 2147483647;
			dstPath = /usr/share/man/man1/;
			dstSubfolderSpec = 0;
			files = (
			);
			runOnlyForDeploymentPostprocessing = 1;
		};
/* End PBXCopyFilesBuildPhase section */

/* Begin PBXFileReference section */
		DC3215321D51B55900A54C7B /* BullCowGame */ = {isa = PBXFileReference; explicitFileType = "compiled.mach-o.executable"; includeInIndex = 0; path = BullCowGame; sourceTree = BUILT_PRODUCTS_DIR; };
		DC3215351D51B55900A54C7B /* main.cpp */ = {isa = PBXFileReference; lastKnownFileType = sourcecode.cpp.cpp; path = main.cpp; sourceTree = "<group>"; };
		DCE123E71D5269BF00AADC55 /* FBullCowGame.cpp */ = {isa = PBXFileReference; fileEncoding = 4; lastKnownFileType = sourcecode.cpp.cpp; path = FBullCowGame.cpp; sourceTree = "<group>"; };
		DCE123E81D5269BF00AADC55 /* FBullCowGame.hpp */ = {isa = PBXFileReference; fileEncoding = 4; lastKnownFileType = sourcecode.cpp.h; path = FBullCowGame.hpp; sourceTree = "<group>"; };
/* End PBXFileReference section */

/* Begin PBXFrameworksBuildPhase section */
		DC32152F1D51B55900A54C7B /* Frameworks */ = {
			isa = PBXFrameworksBuildPhase;
			buildActionMask = 2147483647;
			files = (
			);
			runOnlyForDeploymentPostprocessing = 0;
		};
/* End PBXFrameworksBuildPhase section */

/* Begin PBXGroup section */
		DC3215291D51B55900A54C7B = {
			isa = PBXGroup;
			children = (
				DC3215341D51B55900A54C7B /* BullCowGame */,
				DC3215331D51B55900A54C7B /* Products */,
			);
			sourceTree = "<group>";
		};
		DC3215331D51B55900A54C7B /* Products */ = {
			isa = PBXGroup;
			children = (
				DC3215321D51B55900A54C7B /* BullCowGame */,
			);
			name = Products;
			sourceTree = "<group>";
		};
		DC3215341D51B55900A54C7B /* BullCowGame */ = {
			isa = PBXGroup;
			children = (
				DC3215351D51B55900A54C7B /* main.cpp */,
				DCE123E71D5269BF00AADC55 /* FBullCowGame.cpp */,
				DCE123E81D5269BF00AADC55 /* FBullCowGame.hpp */,
			);
			path = BullCowGame;
			sourceTree = "<group>";
		};
/* End PBXGroup section */

/* Begin PBXNativeTarget section */
		DC3215311D51B55900A54C7B /* BullCowGame */ = {
			isa = PBXNativeTarget;
			buildConfigurationList = DC3215391D51B55900A54C7B /* Build configuration list for PBXNativeTarget "BullCowGame" */;
			buildPhases = (
				DC32152E1D51B55900A54C7B /* Sources */,
				DC32152F1D51B55900A54C7B /* Frameworks */,
				DC3215301D51B55900A54C7B /* CopyFiles */,
			);
			buildRules = (
			);
			dependencies = (
			);
			name = BullCowGame;
			productName = BullCowGame;
			productReference = DC3215321D51B55900A54C7B /* BullCowGame */;
			productType = "com.apple.product-type.tool";
		};
/* End PBXNativeTarget section */

/* Begin PBXProject section */
		DC32152A1D51B55900A54C7B /* Project object */ = {
			isa = PBXProject;
			attributes = {
				LastUpgradeCheck = 0730;
				ORGANIZATIONNAME = luminator.technology.com;
				TargetAttributes = {
					DC3215311D51B55900A54C7B = {
						CreatedOnToolsVersion = 7.3.1;
					};
				};
			};
			buildConfigurationList = DC32152D1D51B55900A54C7B /* Build configuration list for PBXProject "BullCowGame" */;
			compatibilityVersion = "Xcode 3.2";
			developmentRegion = English;
			hasScannedForEncodings = 0;
			knownRegions = (
				en,
			);
			mainGroup = DC3215291D51B55900A54C7B;
			productRefGroup = DC3215331D51B55900A54C7B /* Products */;
			projectDirPath = "";
			projectRoot = "";
			targets = (
				DC3215311D51B55900A54C7B /* BullCowGame */,
			);
		};
/* End PBXProject section */

/* Begin PBXSourcesBuildPhase section */
		DC32152E1D51B55900A54C7B /* Sources */ = {
			isa = PBXSourcesBuildPhase;
			buildActionMask = 2147483647;
			files = (
				DC3215361D51B55900A54C7B /* main.cpp in Sources */,
				DCE123E91D5269BF00AADC55 /* FBullCowGame.cpp in Sources */,
			);
			runOnlyForDeploymentPostprocessing = 0;
		};
/* End PBXSourcesBuildPhase section */

/* Begin XCBuildConfiguration section */
		DC3215371D51B55900A54C7B /* Debug */ = {
			isa = XCBuildConfiguration;
			buildSettings = {
				ALWAYS_SEARCH_USER_PATHS = NO;
				CLANG_ANALYZER_NONNULL = YES;
				CLANG_CXX_LANGUAGE_STANDARD = "gnu++0x";
				CLANG_CXX_LIBRARY = "libc++";
				CLANG_ENABLE_MODULES = YES;
				CLANG_ENABLE_OBJC_ARC = YES;
				CLANG_WARN_BOOL_CONVERSION = YES;
				CLANG_WARN_CONSTANT_CONVERSION = YES;
				CLANG_WARN_DIRECT_OBJC_ISA_USAGE = YES_ERROR;
				CLANG_WARN_EMPTY_BODY = YES;
				CLANG_WARN_ENUM_CONVERSION = YES;
				CLANG_WARN_INT_CONVERSION = YES;
				CLANG_WARN_OBJC_ROOT_CLASS = YES_ERROR;
				CLANG_WARN_UNREACHABLE_CODE = YES;
				CLANG_WARN__DUPLICATE_METHOD_MATCH = YES;
				CODE_SIGN_IDENTITY = "-";
				COPY_PHASE_STRIP = NO;
				DEBUG_INFORMATION_FORMAT = dwarf;
				ENABLE_STRICT_OBJC_MSGSEND = YES;
				ENABLE_TESTABILITY = YES;
				GCC_C_LANGUAGE_STANDARD = gnu99;
				GCC_DYNAMIC_NO_PIC = NO;
				GCC_NO_COMMON_BLOCKS = YES;
				GCC_OPTIMIZATION_LEVEL = 0;
				GCC_PREPROCESSOR_DEFINITIONS = (
					"DEBUG=1",
					"$(inherited)",
				);
				GCC_WARN_64_TO_32_BIT_CONVERSION = YES;
				GCC_WARN_ABOUT_RETURN_TYPE = YES_ERROR;
				GCC_WARN_UNDECLARED_SELECTOR = YES;
				GCC_WARN_UNINITIALIZED_AUTOS = YES_AGGRESSIVE;
				GCC_WARN_UNUSED_FUNCTION = YES;
				GCC_WARN_UNUSED_VARIABLE = YES;
				MACOSX_DEPLOYMENT_TARGET = 10.11;
				MTL_ENABLE_DEBUG_INFO = YES;
				ONLY_ACTIVE_ARCH = YES;
				SDKROOT = macosx;
			};
			name = Debug;
		};
		DC3215381D51B55900A54C7B /* Release */ = {
			isa = XCBuildConfiguration;
			buildSettings = {
				ALWAYS_SEARCH_USER_PATHS = NO;
				CLANG_ANALYZER_NONNULL = YES;
				CLANG_CXX_LANGUAGE_STANDARD = "gnu++0x";
				CLANG_CXX_LIBRARY = "libc++";
				CLANG_ENABLE_MODULES = YES;
				CLANG_ENABLE_OBJC_ARC = YES;
				CLANG_WARN_BOOL_CONVERSION = YES;
				CLANG_WARN_CONSTANT_CONVERSION = YES;
				CLANG_WARN_DIRECT_OBJC_ISA_USAGE = YES_ERROR;
				CLANG_WARN_EMPTY_BODY = YES;
				CLANG_WARN_ENUM_CONVERSION = YES;
				CLANG_WARN_INT_CONVERSION = YES;
				CLANG_WARN_OBJC_ROOT_CLASS = YES_ERROR;
				CLANG_WARN_UNREACHABLE_CODE = YES;
				CLANG_WARN__DUPLICATE_METHOD_MATCH = YES;
				CODE_SIGN_IDENTITY = "-";
				COPY_PHASE_STRIP = NO;
				DEBUG_INFORMATION_FORMAT = "dwarf-with-dsym";
				ENABLE_NS_ASSERTIONS = NO;
				ENABLE_STRICT_OBJC_MSGSEND = YES;
				GCC_C_LANGUAGE_STANDARD = gnu99;
				GCC_NO_COMMON_BLOCKS = YES;
				GCC_WARN_64_TO_32_BIT_CONVERSION = YES;
				GCC_WARN_ABOUT_RETURN_TYPE = YES_ERROR;
				GCC_WARN_UNDECLARED_SELECTOR = YES;
				GCC_WARN_UNINITIALIZED_AUTOS = YES_AGGRESSIVE;
				GCC_WARN_UNUSED_FUNCTION = YES;
				GCC_WARN_UNUSED_VARIABLE = YES;
				MACOSX_DEPLOYMENT_TARGET = 10.11;
				MTL_ENABLE_DEBUG_INFO = NO;
				SDKROOT = macosx;
			};
			name = Release;
		};
		DC32153A1D51B55900A54C7B /* Debug */ = {
			isa = XCBuildConfiguration;
			buildSettings = {
				PRODUCT_NAME = "$(TARGET_NAME)";
			};
			name = Debug;
		};
		DC32153B1D51B55900A54C7B /* Release */ = {
			isa = XCBuildConfiguration;
			buildSettings = {
				PRODUCT_NAME = "$(TARGET_NAME)";
			};
			name = Release;
		};
/* End XCBuildConfiguration section */

/* Begin XCConfigurationList section */
		DC32152D1D51B55900A54C7B /* Build configuration list for PBXProject "BullCowGame" */ = {
			isa = XCConfigurationList;
			buildConfigurations = (
				DC3215371D51B55900A54C7B /* Debug */,
				DC3215381D51B55900A54C7B /* Release */,
			);
			defaultConfigurationIsVisible = 0;
			defaultConfigurationName = Release;
		};
		DC3215391D51B55900A54C7B /* Build configuration list for PBXNativeTarget "BullCowGame" */ = {
			isa = XCConfigurationList;
			buildConfigurations = (
				DC32153A1D51B55900A54C7B /* Debug */,
				DC32153B1D51B55900A54C7B /* Release */,
			);
			defaultConfigurationIsVisible = 0;
			defaultConfigurationName = Release;
		};
/* End XCConfigurationList section */
	};
	rootObject = DC32152A1D51B55900A54C7B /* Project object */;
}
